// !$*UTF8*$!
{
	archiveVersion = 1;
	classes = {
	};
	objectVersion = 50;
	objects = {

/* Begin PBXBuildFile section */
		FA557034233D31E30077D28F /* AppDelegate.swift in Sources */ = {isa = PBXBuildFile; fileRef = FA557033233D31E30077D28F /* AppDelegate.swift */; };
		FA557039233D31E30077D28F /* Main.storyboard in Resources */ = {isa = PBXBuildFile; fileRef = FA557037233D31E30077D28F /* Main.storyboard */; };
		FA55703B233D31E50077D28F /* Assets.xcassets in Resources */ = {isa = PBXBuildFile; fileRef = FA55703A233D31E50077D28F /* Assets.xcassets */; };
		FA55703E233D31E50077D28F /* LaunchScreen.storyboard in Resources */ = {isa = PBXBuildFile; fileRef = FA55703C233D31E50077D28F /* LaunchScreen.storyboard */; };
		FA557049233D31E50077D28F /* TestXOTests.swift in Sources */ = {isa = PBXBuildFile; fileRef = FA557048233D31E50077D28F /* TestXOTests.swift */; };
		FA557055233D353F0077D28F /* BoardViewController.swift in Sources */ = {isa = PBXBuildFile; fileRef = FA557054233D353F0077D28F /* BoardViewController.swift */; };
		FA557058233D36A90077D28F /* GridCell.swift in Sources */ = {isa = PBXBuildFile; fileRef = FA557057233D36A90077D28F /* GridCell.swift */; };
		FA55705B233D37F60077D28F /* Constants.swift in Sources */ = {isa = PBXBuildFile; fileRef = FA55705A233D37F60077D28F /* Constants.swift */; };
		FA557060233D3EFE0077D28F /* Position.swift in Sources */ = {isa = PBXBuildFile; fileRef = FA55705D233D3EFE0077D28F /* Position.swift */; };
		FA557061233D3EFE0077D28F /* GameActionModel.swift in Sources */ = {isa = PBXBuildFile; fileRef = FA55705E233D3EFE0077D28F /* GameActionModel.swift */; };
		FA557062233D3EFE0077D28F /* GameModel.swift in Sources */ = {isa = PBXBuildFile; fileRef = FA55705F233D3EFE0077D28F /* GameModel.swift */; };
		FA557067233D406A0077D28F /* GameViewModel.swift in Sources */ = {isa = PBXBuildFile; fileRef = FA557066233D406A0077D28F /* GameViewModel.swift */; };
		FA557069233D40710077D28F /* GameViewModelImpl.swift in Sources */ = {isa = PBXBuildFile; fileRef = FA557068233D40710077D28F /* GameViewModelImpl.swift */; };
/* End PBXBuildFile section */

/* Begin PBXContainerItemProxy section */
		FA557045233D31E50077D28F /* PBXContainerItemProxy */ = {
			isa = PBXContainerItemProxy;
			containerPortal = FA557028233D31E30077D28F /* Project object */;
			proxyType = 1;
			remoteGlobalIDString = FA55702F233D31E30077D28F;
			remoteInfo = TestXO;
		};
/* End PBXContainerItemProxy section */

/* Begin PBXFileReference section */
		FA557030233D31E30077D28F /* TestXO.app */ = {isa = PBXFileReference; explicitFileType = wrapper.application; includeInIndex = 0; path = TestXO.app; sourceTree = BUILT_PRODUCTS_DIR; };
		FA557033233D31E30077D28F /* AppDelegate.swift */ = {isa = PBXFileReference; lastKnownFileType = sourcecode.swift; path = AppDelegate.swift; sourceTree = "<group>"; };
		FA557038233D31E30077D28F /* Base */ = {isa = PBXFileReference; lastKnownFileType = file.storyboard; name = Base; path = Base.lproj/Main.storyboard; sourceTree = "<group>"; };
		FA55703A233D31E50077D28F /* Assets.xcassets */ = {isa = PBXFileReference; lastKnownFileType = folder.assetcatalog; path = Assets.xcassets; sourceTree = "<group>"; };
		FA55703D233D31E50077D28F /* Base */ = {isa = PBXFileReference; lastKnownFileType = file.storyboard; name = Base; path = Base.lproj/LaunchScreen.storyboard; sourceTree = "<group>"; };
		FA55703F233D31E50077D28F /* Info.plist */ = {isa = PBXFileReference; lastKnownFileType = text.plist.xml; path = Info.plist; sourceTree = "<group>"; };
		FA557044233D31E50077D28F /* TestXOTests.xctest */ = {isa = PBXFileReference; explicitFileType = wrapper.cfbundle; includeInIndex = 0; path = TestXOTests.xctest; sourceTree = BUILT_PRODUCTS_DIR; };
		FA557048233D31E50077D28F /* TestXOTests.swift */ = {isa = PBXFileReference; lastKnownFileType = sourcecode.swift; path = TestXOTests.swift; sourceTree = "<group>"; };
		FA55704A233D31E50077D28F /* Info.plist */ = {isa = PBXFileReference; lastKnownFileType = text.plist.xml; path = Info.plist; sourceTree = "<group>"; };
		FA557054233D353F0077D28F /* BoardViewController.swift */ = {isa = PBXFileReference; lastKnownFileType = sourcecode.swift; path = BoardViewController.swift; sourceTree = "<group>"; };
		FA557057233D36A90077D28F /* GridCell.swift */ = {isa = PBXFileReference; lastKnownFileType = sourcecode.swift; path = GridCell.swift; sourceTree = "<group>"; };
		FA55705A233D37F60077D28F /* Constants.swift */ = {isa = PBXFileReference; lastKnownFileType = sourcecode.swift; path = Constants.swift; sourceTree = "<group>"; };
		FA55705D233D3EFE0077D28F /* Position.swift */ = {isa = PBXFileReference; fileEncoding = 4; lastKnownFileType = sourcecode.swift; path = Position.swift; sourceTree = "<group>"; };
		FA55705E233D3EFE0077D28F /* GameActionModel.swift */ = {isa = PBXFileReference; fileEncoding = 4; lastKnownFileType = sourcecode.swift; path = GameActionModel.swift; sourceTree = "<group>"; };
		FA55705F233D3EFE0077D28F /* GameModel.swift */ = {isa = PBXFileReference; fileEncoding = 4; lastKnownFileType = sourcecode.swift; path = GameModel.swift; sourceTree = "<group>"; };
		FA557066233D406A0077D28F /* GameViewModel.swift */ = {isa = PBXFileReference; fileEncoding = 4; lastKnownFileType = sourcecode.swift; path = GameViewModel.swift; sourceTree = "<group>"; };
		FA557068233D40710077D28F /* GameViewModelImpl.swift */ = {isa = PBXFileReference; fileEncoding = 4; lastKnownFileType = sourcecode.swift; path = GameViewModelImpl.swift; sourceTree = "<group>"; };
/* End PBXFileReference section */

/* Begin PBXFrameworksBuildPhase section */
		FA55702D233D31E30077D28F /* Frameworks */ = {
			isa = PBXFrameworksBuildPhase;
			buildActionMask = 2147483647;
			files = (
			);
			runOnlyForDeploymentPostprocessing = 0;
		};
		FA557041233D31E50077D28F /* Frameworks */ = {
			isa = PBXFrameworksBuildPhase;
			buildActionMask = 2147483647;
			files = (
			);
			runOnlyForDeploymentPostprocessing = 0;
		};
/* End PBXFrameworksBuildPhase section */

/* Begin PBXGroup section */
		FA557027233D31E30077D28F = {
			isa = PBXGroup;
			children = (
				FA557032233D31E30077D28F /* TestXO */,
				FA557047233D31E50077D28F /* TestXOTests */,
				FA557031233D31E30077D28F /* Products */,
			);
			sourceTree = "<group>";
		};
		FA557031233D31E30077D28F /* Products */ = {
			isa = PBXGroup;
			children = (
				FA557030233D31E30077D28F /* TestXO.app */,
				FA557044233D31E50077D28F /* TestXOTests.xctest */,
			);
			name = Products;
			sourceTree = "<group>";
		};
		FA557032233D31E30077D28F /* TestXO */ = {
			isa = PBXGroup;
			children = (
				FA557063233D3F800077D28F /* ViewModels */,
				FA55705C233D3EDC0077D28F /* Models */,
				FA557059233D37E00077D28F /* Constants */,
				FA557056233D36810077D28F /* Views */,
				FA557053233D350B0077D28F /* ViewControllers */,
				FA557033233D31E30077D28F /* AppDelegate.swift */,
				FA557037233D31E30077D28F /* Main.storyboard */,
				FA55703A233D31E50077D28F /* Assets.xcassets */,
				FA55703C233D31E50077D28F /* LaunchScreen.storyboard */,
				FA55703F233D31E50077D28F /* Info.plist */,
			);
			path = TestXO;
			sourceTree = "<group>";
		};
		FA557047233D31E50077D28F /* TestXOTests */ = {
			isa = PBXGroup;
			children = (
				FA557048233D31E50077D28F /* TestXOTests.swift */,
				FA55704A233D31E50077D28F /* Info.plist */,
			);
			path = TestXOTests;
			sourceTree = "<group>";
		};
		FA557053233D350B0077D28F /* ViewControllers */ = {
			isa = PBXGroup;
			children = (
				FA557054233D353F0077D28F /* BoardViewController.swift */,
			);
			path = ViewControllers;
			sourceTree = "<group>";
		};
		FA557056233D36810077D28F /* Views */ = {
			isa = PBXGroup;
			children = (
				FA557057233D36A90077D28F /* GridCell.swift */,
			);
			path = Views;
			sourceTree = "<group>";
		};
		FA557059233D37E00077D28F /* Constants */ = {
			isa = PBXGroup;
			children = (
				FA55705A233D37F60077D28F /* Constants.swift */,
			);
			path = Constants;
			sourceTree = "<group>";
		};
		FA55705C233D3EDC0077D28F /* Models */ = {
			isa = PBXGroup;
			children = (
				FA55705E233D3EFE0077D28F /* GameActionModel.swift */,
				FA55705F233D3EFE0077D28F /* GameModel.swift */,
				FA55705D233D3EFE0077D28F /* Position.swift */,
			);
			path = Models;
			sourceTree = "<group>";
		};
		FA557063233D3F800077D28F /* ViewModels */ = {
			isa = PBXGroup;
			children = (
				FA557065233D3FC10077D28F /* Implementation */,
				FA557064233D3FB40077D28F /* Interface */,
			);
			path = ViewModels;
			sourceTree = "<group>";
		};
		FA557064233D3FB40077D28F /* Interface */ = {
			isa = PBXGroup;
			children = (
				FA557066233D406A0077D28F /* GameViewModel.swift */,
			);
			path = Interface;
			sourceTree = "<group>";
		};
		FA557065233D3FC10077D28F /* Implementation */ = {
			isa = PBXGroup;
			children = (
				FA557068233D40710077D28F /* GameViewModelImpl.swift */,
			);
			path = Implementation;
			sourceTree = "<group>";
		};
/* End PBXGroup section */

/* Begin PBXNativeTarget section */
		FA55702F233D31E30077D28F /* TestXO */ = {
			isa = PBXNativeTarget;
			buildConfigurationList = FA55704D233D31E50077D28F /* Build configuration list for PBXNativeTarget "TestXO" */;
			buildPhases = (
				FA55702C233D31E30077D28F /* Sources */,
				FA55702D233D31E30077D28F /* Frameworks */,
				FA55702E233D31E30077D28F /* Resources */,
			);
			buildRules = (
			);
			dependencies = (
			);
			name = TestXO;
			productName = TestXO;
			productReference = FA557030233D31E30077D28F /* TestXO.app */;
			productType = "com.apple.product-type.application";
		};
		FA557043233D31E50077D28F /* TestXOTests */ = {
			isa = PBXNativeTarget;
			buildConfigurationList = FA557050233D31E50077D28F /* Build configuration list for PBXNativeTarget "TestXOTests" */;
			buildPhases = (
				FA557040233D31E50077D28F /* Sources */,
				FA557041233D31E50077D28F /* Frameworks */,
				FA557042233D31E50077D28F /* Resources */,
			);
			buildRules = (
			);
			dependencies = (
				FA557046233D31E50077D28F /* PBXTargetDependency */,
			);
			name = TestXOTests;
			productName = TestXOTests;
			productReference = FA557044233D31E50077D28F /* TestXOTests.xctest */;
			productType = "com.apple.product-type.bundle.unit-test";
		};
/* End PBXNativeTarget section */

/* Begin PBXProject section */
		FA557028233D31E30077D28F /* Project object */ = {
			isa = PBXProject;
			attributes = {
				LastSwiftUpdateCheck = 1030;
				LastUpgradeCheck = 1030;
				ORGANIZATIONNAME = test;
				TargetAttributes = {
					FA55702F233D31E30077D28F = {
						CreatedOnToolsVersion = 10.3;
					};
					FA557043233D31E50077D28F = {
						CreatedOnToolsVersion = 10.3;
						TestTargetID = FA55702F233D31E30077D28F;
					};
				};
			};
			buildConfigurationList = FA55702B233D31E30077D28F /* Build configuration list for PBXProject "TestXO" */;
			compatibilityVersion = "Xcode 9.3";
			developmentRegion = en;
			hasScannedForEncodings = 0;
			knownRegions = (
				en,
				Base,
			);
			mainGroup = FA557027233D31E30077D28F;
			productRefGroup = FA557031233D31E30077D28F /* Products */;
			projectDirPath = "";
			projectRoot = "";
			targets = (
				FA55702F233D31E30077D28F /* TestXO */,
				FA557043233D31E50077D28F /* TestXOTests */,
			);
		};
/* End PBXProject section */

/* Begin PBXResourcesBuildPhase section */
		FA55702E233D31E30077D28F /* Resources */ = {
			isa = PBXResourcesBuildPhase;
			buildActionMask = 2147483647;
			files = (
				FA55703E233D31E50077D28F /* LaunchScreen.storyboard in Resources */,
				FA55703B233D31E50077D28F /* Assets.xcassets in Resources */,
				FA557039233D31E30077D28F /* Main.storyboard in Resources */,
			);
			runOnlyForDeploymentPostprocessing = 0;
		};
		FA557042233D31E50077D28F /* Resources */ = {
			isa = PBXResourcesBuildPhase;
			buildActionMask = 2147483647;
			files = (
			);
			runOnlyForDeploymentPostprocessing = 0;
		};
/* End PBXResourcesBuildPhase section */

/* Begin PBXSourcesBuildPhase section */
		FA55702C233D31E30077D28F /* Sources */ = {
			isa = PBXSourcesBuildPhase;
			buildActionMask = 2147483647;
			files = (
				FA557034233D31E30077D28F /* AppDelegate.swift in Sources */,
				FA557055233D353F0077D28F /* BoardViewController.swift in Sources */,
				FA557058233D36A90077D28F /* GridCell.swift in Sources */,
				FA557061233D3EFE0077D28F /* GameActionModel.swift in Sources */,
				FA557067233D406A0077D28F /* GameViewModel.swift in Sources */,
				FA557060233D3EFE0077D28F /* Position.swift in Sources */,
				FA557062233D3EFE0077D28F /* GameModel.swift in Sources */,
				FA557069233D40710077D28F /* GameViewModelImpl.swift in Sources */,
				FA55705B233D37F60077D28F /* Constants.swift in Sources */,
			);
			runOnlyForDeploymentPostprocessing = 0;
		};
		FA557040233D31E50077D28F /* Sources */ = {
			isa = PBXSourcesBuildPhase;
			buildActionMask = 2147483647;
			files = (
				FA557049233D31E50077D28F /* TestXOTests.swift in Sources */,
			);
			runOnlyForDeploymentPostprocessing = 0;
		};
/* End PBXSourcesBuildPhase section */

/* Begin PBXTargetDependency section */
		FA557046233D31E50077D28F /* PBXTargetDependency */ = {
			isa = PBXTargetDependency;
			target = FA55702F233D31E30077D28F /* TestXO */;
			targetProxy = FA557045233D31E50077D28F /* PBXContainerItemProxy */;
		};
/* End PBXTargetDependency section */

/* Begin PBXVariantGroup section */
		FA557037233D31E30077D28F /* Main.storyboard */ = {
			isa = PBXVariantGroup;
			children = (
				FA557038233D31E30077D28F /* Base */,
			);
			name = Main.storyboard;
			sourceTree = "<group>";
		};
		FA55703C233D31E50077D28F /* LaunchScreen.storyboard */ = {
			isa = PBXVariantGroup;
			children = (
				FA55703D233D31E50077D28F /* Base */,
			);
			name = LaunchScreen.storyboard;
			sourceTree = "<group>";
		};
/* End PBXVariantGroup section */

/* Begin XCBuildConfiguration section */
		FA55704B233D31E50077D28F /* Debug */ = {
			isa = XCBuildConfiguration;
			buildSettings = {
				ALWAYS_SEARCH_USER_PATHS = NO;
				CLANG_ANALYZER_NONNULL = YES;
				CLANG_ANALYZER_NUMBER_OBJECT_CONVERSION = YES_AGGRESSIVE;
				CLANG_CXX_LANGUAGE_STANDARD = "gnu++14";
				CLANG_CXX_LIBRARY = "libc++";
				CLANG_ENABLE_MODULES = YES;
				CLANG_ENABLE_OBJC_ARC = YES;
				CLANG_ENABLE_OBJC_WEAK = YES;
				CLANG_WARN_BLOCK_CAPTURE_AUTORELEASING = YES;
				CLANG_WARN_BOOL_CONVERSION = YES;
				CLANG_WARN_COMMA = YES;
				CLANG_WARN_CONSTANT_CONVERSION = YES;
				CLANG_WARN_DEPRECATED_OBJC_IMPLEMENTATIONS = YES;
				CLANG_WARN_DIRECT_OBJC_ISA_USAGE = YES_ERROR;
				CLANG_WARN_DOCUMENTATION_COMMENTS = YES;
				CLANG_WARN_EMPTY_BODY = YES;
				CLANG_WARN_ENUM_CONVERSION = YES;
				CLANG_WARN_INFINITE_RECURSION = YES;
				CLANG_WARN_INT_CONVERSION = YES;
				CLANG_WARN_NON_LITERAL_NULL_CONVERSION = YES;
				CLANG_WARN_OBJC_IMPLICIT_RETAIN_SELF = YES;
				CLANG_WARN_OBJC_LITERAL_CONVERSION = YES;
				CLANG_WARN_OBJC_ROOT_CLASS = YES_ERROR;
				CLANG_WARN_RANGE_LOOP_ANALYSIS = YES;
				CLANG_WARN_STRICT_PROTOTYPES = YES;
				CLANG_WARN_SUSPICIOUS_MOVE = YES;
				CLANG_WARN_UNGUARDED_AVAILABILITY = YES_AGGRESSIVE;
				CLANG_WARN_UNREACHABLE_CODE = YES;
				CLANG_WARN__DUPLICATE_METHOD_MATCH = YES;
				CODE_SIGN_IDENTITY = "iPhone Developer";
				COPY_PHASE_STRIP = NO;
				DEBUG_INFORMATION_FORMAT = dwarf;
				ENABLE_STRICT_OBJC_MSGSEND = YES;
				ENABLE_TESTABILITY = YES;
				GCC_C_LANGUAGE_STANDARD = gnu11;
				GCC_DYNAMIC_NO_PIC = NO;
				GCC_NO_COMMON_BLOCKS = YES;
				GCC_OPTIMIZATION_LEVEL = 0;
				GCC_PREPROCESSOR_DEFINITIONS = (
					"DEBUG=1",
					"$(inherited)",
				);
				GCC_WARN_64_TO_32_BIT_CONVERSION = YES;
				GCC_WARN_ABOUT_RETURN_TYPE = YES_ERROR;
				GCC_WARN_UNDECLARED_SELECTOR = YES;
				GCC_WARN_UNINITIALIZED_AUTOS = YES_AGGRESSIVE;
				GCC_WARN_UNUSED_FUNCTION = YES;
				GCC_WARN_UNUSED_VARIABLE = YES;
				IPHONEOS_DEPLOYMENT_TARGET = 12.4;
				MTL_ENABLE_DEBUG_INFO = INCLUDE_SOURCE;
				MTL_FAST_MATH = YES;
				ONLY_ACTIVE_ARCH = YES;
				SDKROOT = iphoneos;
				SWIFT_ACTIVE_COMPILATION_CONDITIONS = DEBUG;
				SWIFT_OPTIMIZATION_LEVEL = "-Onone";
			};
			name = Debug;
		};
		FA55704C233D31E50077D28F /* Release */ = {
			isa = XCBuildConfiguration;
			buildSettings = {
				ALWAYS_SEARCH_USER_PATHS = NO;
				CLANG_ANALYZER_NONNULL = YES;
				CLANG_ANALYZER_NUMBER_OBJECT_CONVERSION = YES_AGGRESSIVE;
				CLANG_CXX_LANGUAGE_STANDARD = "gnu++14";
				CLANG_CXX_LIBRARY = "libc++";
				CLANG_ENABLE_MODULES = YES;
				CLANG_ENABLE_OBJC_ARC = YES;
				CLANG_ENABLE_OBJC_WEAK = YES;
				CLANG_WARN_BLOCK_CAPTURE_AUTORELEASING = YES;
				CLANG_WARN_BOOL_CONVERSION = YES;
				CLANG_WARN_COMMA = YES;
				CLANG_WARN_CONSTANT_CONVERSION = YES;
				CLANG_WARN_DEPRECATED_OBJC_IMPLEMENTATIONS = YES;
				CLANG_WARN_DIRECT_OBJC_ISA_USAGE = YES_ERROR;
				CLANG_WARN_DOCUMENTATION_COMMENTS = YES;
				CLANG_WARN_EMPTY_BODY = YES;
				CLANG_WARN_ENUM_CONVERSION = YES;
				CLANG_WARN_INFINITE_RECURSION = YES;
				CLANG_WARN_INT_CONVERSION = YES;
				CLANG_WARN_NON_LITERAL_NULL_CONVERSION = YES;
				CLANG_WARN_OBJC_IMPLICIT_RETAIN_SELF = YES;
				CLANG_WARN_OBJC_LITERAL_CONVERSION = YES;
				CLANG_WARN_OBJC_ROOT_CLASS = YES_ERROR;
				CLANG_WARN_RANGE_LOOP_ANALYSIS = YES;
				CLANG_WARN_STRICT_PROTOTYPES = YES;
				CLANG_WARN_SUSPICIOUS_MOVE = YES;
				CLANG_WARN_UNGUARDED_AVAILABILITY = YES_AGGRESSIVE;
				CLANG_WARN_UNREACHABLE_CODE = YES;
				CLANG_WARN__DUPLICATE_METHOD_MATCH = YES;
				CODE_SIGN_IDENTITY = "iPhone Developer";
				COPY_PHASE_STRIP = NO;
				DEBUG_INFORMATION_FORMAT = "dwarf-with-dsym";
				ENABLE_NS_ASSERTIONS = NO;
				ENABLE_STRICT_OBJC_MSGSEND = YES;
				GCC_C_LANGUAGE_STANDARD = gnu11;
				GCC_NO_COMMON_BLOCKS = YES;
				GCC_WARN_64_TO_32_BIT_CONVERSION = YES;
				GCC_WARN_ABOUT_RETURN_TYPE = YES_ERROR;
				GCC_WARN_UNDECLARED_SELECTOR = YES;
				GCC_WARN_UNINITIALIZED_AUTOS = YES_AGGRESSIVE;
				GCC_WARN_UNUSED_FUNCTION = YES;
				GCC_WARN_UNUSED_VARIABLE = YES;
				IPHONEOS_DEPLOYMENT_TARGET = 12.4;
				MTL_ENABLE_DEBUG_INFO = NO;
				MTL_FAST_MATH = YES;
				SDKROOT = iphoneos;
				SWIFT_COMPILATION_MODE = wholemodule;
				SWIFT_OPTIMIZATION_LEVEL = "-O";
				VALIDATE_PRODUCT = YES;
			};
			name = Release;
		};
		FA55704E233D31E50077D28F /* Debug */ = {
			isa = XCBuildConfiguration;
			buildSettings = {
				ASSETCATALOG_COMPILER_APPICON_NAME = AppIcon;
				CODE_SIGN_STYLE = Automatic;
				INFOPLIST_FILE = TestXO/Info.plist;
				LD_RUNPATH_SEARCH_PATHS = (
					"$(inherited)",
					"@executable_path/Frameworks",
				);
				PRODUCT_BUNDLE_IDENTIFIER = com.test.TestXO;
				PRODUCT_NAME = "$(TARGET_NAME)";
				SWIFT_VERSION = 5.0;
				TARGETED_DEVICE_FAMILY = "1,2";
			};
			name = Debug;
		};
		FA55704F233D31E50077D28F /* Release */ = {
			isa = XCBuildConfiguration;
			buildSettings = {
				ASSETCATALOG_COMPILER_APPICON_NAME = AppIcon;
				CODE_SIGN_STYLE = Automatic;
				INFOPLIST_FILE = TestXO/Info.plist;
				LD_RUNPATH_SEARCH_PATHS = (
					"$(inherited)",
					"@executable_path/Frameworks",
				);
				PRODUCT_BUNDLE_IDENTIFIER = com.test.TestXO;
				PRODUCT_NAME = "$(TARGET_NAME)";
				SWIFT_VERSION = 5.0;
				TARGETED_DEVICE_FAMILY = "1,2";
			};
			name = Release;
		};
		FA557051233D31E50077D28F /* Debug */ = {
			isa = XCBuildConfiguration;
			buildSettings = {
				ALWAYS_EMBED_SWIFT_STANDARD_LIBRARIES = YES;
				BUNDLE_LOADER = "$(TEST_HOST)";
				CODE_SIGN_STYLE = Automatic;
				INFOPLIST_FILE = TestXOTests/Info.plist;
				LD_RUNPATH_SEARCH_PATHS = (
					"$(inherited)",
					"@executable_path/Frameworks",
					"@loader_path/Frameworks",
				);
				PRODUCT_BUNDLE_IDENTIFIER = com.test.TestXOTests;
				PRODUCT_NAME = "$(TARGET_NAME)";
				SWIFT_VERSION = 5.0;
				TARGETED_DEVICE_FAMILY = "1,2";
				TEST_HOST = "$(BUILT_PRODUCTS_DIR)/TestXO.app/TestXO";
			};
			name = Debug;
		};
		FA557052233D31E50077D28F /* Release */ = {
			isa = XCBuildConfiguration;
			buildSettings = {
				ALWAYS_EMBED_SWIFT_STANDARD_LIBRARIES = YES;
				BUNDLE_LOADER = "$(TEST_HOST)";
				CODE_SIGN_STYLE = Automatic;
				INFOPLIST_FILE = TestXOTests/Info.plist;
				LD_RUNPATH_SEARCH_PATHS = (
					"$(inherited)",
					"@executable_path/Frameworks",
					"@loader_path/Frameworks",
				);
				PRODUCT_BUNDLE_IDENTIFIER = com.test.TestXOTests;
				PRODUCT_NAME = "$(TARGET_NAME)";
				SWIFT_VERSION = 5.0;
				TARGETED_DEVICE_FAMILY = "1,2";
				TEST_HOST = "$(BUILT_PRODUCTS_DIR)/TestXO.app/TestXO";
			};
			name = Release;
		};
/* End XCBuildConfiguration section */

/* Begin XCConfigurationList section */
		FA55702B233D31E30077D28F /* Build configuration list for PBXProject "TestXO" */ = {
			isa = XCConfigurationList;
			buildConfigurations = (
				FA55704B233D31E50077D28F /* Debug */,
				FA55704C233D31E50077D28F /* Release */,
			);
			defaultConfigurationIsVisible = 0;
			defaultConfigurationName = Release;
		};
		FA55704D233D31E50077D28F /* Build configuration list for PBXNativeTarget "TestXO" */ = {
			isa = XCConfigurationList;
			buildConfigurations = (
				FA55704E233D31E50077D28F /* Debug */,
				FA55704F233D31E50077D28F /* Release */,
			);
			defaultConfigurationIsVisible = 0;
			defaultConfigurationName = Release;
		};
		FA557050233D31E50077D28F /* Build configuration list for PBXNativeTarget "TestXOTests" */ = {
			isa = XCConfigurationList;
			buildConfigurations = (
				FA557051233D31E50077D28F /* Debug */,
				FA557052233D31E50077D28F /* Release */,
			);
			defaultConfigurationIsVisible = 0;
			defaultConfigurationName = Release;
		};
/* End XCConfigurationList section */
	};
	rootObject = FA557028233D31E30077D28F /* Project object */;
}
